{
  "name": "proto-gen-ts",
  "version": "1.0.0",
  "lockfileVersion": 1,
  "requires": true,
  "dependencies": {
    "@grpc/grpc-js": {
      "version": "1.3.2",
      "resolved": "https://registry.npmjs.org/@grpc/grpc-js/-/grpc-js-1.3.2.tgz",
      "integrity": "sha512-UXepkOKCATJrhHGsxt+CGfpZy9zUn1q9mop5kfcXq1fBkTePxVNPOdnISlCbJFlCtld+pSLGyZCzr9/zVprFKA==",
      "requires": {
        "@types/node": ">=12.12.47"
      }
    },
    "@types/google-protobuf": {
      "version": "3.15.2",
      "resolved": "https://registry.npmjs.org/@types/google-protobuf/-/google-protobuf-3.15.2.tgz",
      "integrity": "sha512-ubeqvw7sl6CdgeiIilsXB2jIFoD/D0F+/LIEp7xEBEXRNtDJcf05FRINybsJtL7GlkWOUVn6gJs2W9OF+xI6lg==",
      "dev": true
    },
    "@types/node": {
      "version": "15.12.0",
      "resolved": "https://registry.npmjs.org/@types/node/-/node-15.12.0.tgz",
      "integrity": "sha512-+aHJvoCsVhO2ZCuT4o5JtcPrCPyDE3+1nvbDprYes+pPkEsbjH7AGUCNtjMOXS0fqH14t+B7yLzaqSz92FPWyw=="
    },
    "google-protobuf": {
      "version": "3.17.2",
      "resolved": "https://registry.npmjs.org/google-protobuf/-/google-protobuf-3.17.2.tgz",
      "integrity": "sha512-LlFVMhSkNy6C1MakEjiwbLxq5w+V+Go+mvt2EUoysrp8gXl903ic2W/3BwzM4/WnDMJP+u7UO2efUSl/0CJMzA=="
    },
    "protoc-gen-ts": {
      "version": "0.3.6-rc4",
      "resolved": "https://registry.npmjs.org/protoc-gen-ts/-/protoc-gen-ts-0.3.6-rc4.tgz",
      "integrity": "sha512-LenLKH5xdUFnVX16VNpOx/7vlYEw6kvf5R+zumI4GwHgIaNBEKQAJjXa8JMjPoerj22ITaHaS/ug1bD1alS9JA=="
    },
    "typescript": {
      "version": "4.3.2",
      "resolved": "https://registry.npmjs.org/typescript/-/typescript-4.3.2.tgz",
      "integrity": "sha512-zZ4hShnmnoVnAHpVHWpTcxdv7dWP60S2FsydQLV8V5PbS3FifjWFFRiHSWpDJahly88PRyV5teTSLoq4eG7mKw==",
      "dev": true
    }
  }
}
