# THIS IS AN AUTOGENERATED FILE. DO NOT EDIT THIS FILE DIRECTLY.
# yarn lockfile v1


"@types/node@14.18.9":
  "integrity" "sha512-j11XSuRuAlft6vLDEX4RvhqC0KxNxx6QIyMXNb0vHHSNPXTPeiy3algESWmOOIzEtiEL0qiowPU3ewW9hHVa7Q=="
  "resolved" "https://registry.npmjs.org/@types/node/-/node-14.18.9.tgz"
  "version" "14.18.9"

"dayjs@^1.10.6":
  "integrity" "sha512-P6twpd70BcPK34K26uJ1KT3wlhpuOAPoMwJzpsIWUxHZ7wpmbdZL/hQqBDfz7hGurYSa5PhzdhDHtt319hL3ig=="
  "resolved" "https://registry.npmjs.org/dayjs/-/dayjs-1.10.7.tgz"
  "version" "1.10.7"

"typescript@4.2.4":
  "integrity" "sha512-V+evlYHZnQkaz8TRBuxTA92yZBPotr5H+WhQ7bD3hZUndx5tGOa1fuCgeSjxAzM1RiN5IzvadIXTVefuuwZCRg=="
  "resolved" "https://registry.npmjs.org/typescript/-/typescript-4.2.4.tgz"
  "version" "4.2.4"
