{
  "name": "@monorepo/fast-form",
  "version": "1.0.0",
  "lockfileVersion": 2,
  "requires": true,
  "packages": {
    "": {
      "name": "@monorepo/fast-form",
      "version": "1.0.0",
      "license": "ISC",
      "dependencies": {
        "dayjs": "^1.10.6"
      },
      "devDependencies": {
        "@types/node": "14.17.17",
        "typescript": "4.2.4"
      }
    },
    "node_modules/@types/node": {
      "version": "14.17.17",
      "resolved": "https://registry.npmjs.org/@types/node/-/node-14.17.17.tgz",
      "integrity": "sha512-niAjcewgEYvSPCZm3OaM9y6YQrL2SEPH9PymtE6fuZAvFiP6ereCcvApGl2jKTq7copTIguX3PBvfP08LN4LvQ==",
      "dev": true
    },
    "node_modules/dayjs": {
      "version": "1.10.7",
      "resolved": "https://registry.npmjs.org/dayjs/-/dayjs-1.10.7.tgz",
      "integrity": "sha512-P6twpd70BcPK34K26uJ1KT3wlhpuOAPoMwJzpsIWUxHZ7wpmbdZL/hQqBDfz7hGurYSa5PhzdhDHtt319hL3ig=="
    },
    "node_modules/typescript": {
      "version": "4.2.4",
      "integrity": "sha512-V+evlYHZnQkaz8TRBuxTA92yZBPotr5H+WhQ7bD3hZUndx5tGOa1fuCgeSjxAzM1RiN5IzvadIXTVefuuwZCRg==",
      "dev": true,
      "bin": {
        "tsc": "bin/tsc",
        "tsserver": "bin/tsserver"
      },
      "engines": {
        "node": ">=4.2.0"
      }
    }
  },
  "dependencies": {
    "@types/node": {
      "version": "14.17.17",
      "resolved": "https://registry.npmjs.org/@types/node/-/node-14.17.17.tgz",
      "integrity": "sha512-niAjcewgEYvSPCZm3OaM9y6YQrL2SEPH9PymtE6fuZAvFiP6ereCcvApGl2jKTq7copTIguX3PBvfP08LN4LvQ==",
      "dev": true
    },
    "dayjs": {
      "version": "1.10.7",
      "resolved": "https://registry.npmjs.org/dayjs/-/dayjs-1.10.7.tgz",
      "integrity": "sha512-P6twpd70BcPK34K26uJ1KT3wlhpuOAPoMwJzpsIWUxHZ7wpmbdZL/hQqBDfz7hGurYSa5PhzdhDHtt319hL3ig=="
    },
    "typescript": {
      "version": "4.2.4",
      "integrity": "sha512-V+evlYHZnQkaz8TRBuxTA92yZBPotr5H+WhQ7bD3hZUndx5tGOa1fuCgeSjxAzM1RiN5IzvadIXTVefuuwZCRg==",
      "dev": true
    }
  }
}
